# This file is automatically @generated by Cargo.
# It is not intended for manual editing.
version = 4

[[package]]
name = "lexopt"
version = "0.3.2"
source = "registry+https://github.com/rust-lang/crates.io-index"
checksum = "803ec87c9cfb29b9d2633f20cba1f488db3fd53f2158b1024cbefb47ba05d413"

[[package]]
name = "tfg-helpers"
version = "0.2.0"
source = "git+https://codeberg.org/thefossguy/tfg-helpers.git?tag=v0.2.0#188de2b0395f45053a4f8b26890b0577ba43ac97"

[[package]]
name = "update-uboot-tfg"
version = "0.1.4"
dependencies = [
 "lexopt",
 "tfg-helpers",
]
